
Microsoft Visual Studio Solution File, Format Version 12.00
# Visual Studio Version 17
VisualStudioVersion = 17.7.34202.233
MinimumVisualStudioVersion = 10.0.40219.1
Project("{FAE04EC0-301F-11D3-BF4B-00C04F79EFBC}") = "RugbyClubManagement", "RugbyClubManagement\RugbyClubManagement.csproj", "{57D4746B-8777-436D-8E19-4605FFC3CE54}"
EndProject
Global
	GlobalSection(SolutionConfigurationPlatforms) = preSolution
		Debug|Any CPU = Debug|Any CPU
		Release|Any CPU = Release|Any CPU
	EndGlobalSection
	GlobalSection(ProjectConfigurationPlatforms) = postSolution
		{57D4746B-8777-436D-8E19-4605FFC3CE54}.Debug|Any CPU.ActiveCfg = Debug|Any CPU
		{57D4746B-8777-436D-8E19-4605FFC3CE54}.Debug|Any CPU.Build.0 = Debug|Any CPU
		{57D4746B-8777-436D-8E19-4605FFC3CE54}.Release|Any CPU.ActiveCfg = Release|Any CPU
		{57D4746B-8777-436D-8E19-4605FFC3CE54}.Release|Any CPU.Build.0 = Release|Any CPU
	EndGlobalSection
	GlobalSection(SolutionProperties) = preSolution
		HideSolutionNode = FALSE
	EndGlobalSection
	GlobalSection(ExtensibilityGlobals) = postSolution
		SolutionGuid = {A9F994DE-8A16-4345-9445-B0C8FB437E96}
	EndGlobalSection
EndGlobal
